
Microsoft Visual Studio Solution File, Format Version 11.00
# Visual Studio 2010
Project("{FAE04EC0-301F-11D3-BF4B-00C04F79EFBC}") = "DribbbleDotNet", "DibbbleDotNet\DribbbleDotNet\DribbbleDotNet.csproj", "{8E6B7E5E-3261-4922-9B36-BF2D98006C88}"
EndProject
Project("{FAE04EC0-301F-11D3-BF4B-00C04F79EFBC}") = "DribbbleDotNet.Tests", "DribbbleDotNet.Tests\DribbbleDotNet.Tests.csproj", "{C5D384F8-378A-4802-91CA-AC707B4729FC}"
EndProject
Global
	GlobalSection(SolutionConfigurationPlatforms) = preSolution
		Debug|Any CPU = Debug|Any CPU
		Release|Any CPU = Release|Any CPU
	EndGlobalSection
	GlobalSection(ProjectConfigurationPlatforms) = postSolution
		{8E6B7E5E-3261-4922-9B36-BF2D98006C88}.Debug|Any CPU.ActiveCfg = Debug|Any CPU
		{8E6B7E5E-3261-4922-9B36-BF2D98006C88}.Debug|Any CPU.Build.0 = Debug|Any CPU
		{8E6B7E5E-3261-4922-9B36-BF2D98006C88}.Release|Any CPU.ActiveCfg = Release|Any CPU
		{8E6B7E5E-3261-4922-9B36-BF2D98006C88}.Release|Any CPU.Build.0 = Release|Any CPU
		{C5D384F8-378A-4802-91CA-AC707B4729FC}.Debug|Any CPU.ActiveCfg = Debug|Any CPU
		{C5D384F8-378A-4802-91CA-AC707B4729FC}.Debug|Any CPU.Build.0 = Debug|Any CPU
		{C5D384F8-378A-4802-91CA-AC707B4729FC}.Release|Any CPU.ActiveCfg = Release|Any CPU
		{C5D384F8-378A-4802-91CA-AC707B4729FC}.Release|Any CPU.Build.0 = Release|Any CPU
	EndGlobalSection
	GlobalSection(SolutionProperties) = preSolution
		HideSolutionNode = FALSE
	EndGlobalSection
EndGlobal
